
Microsoft Visual Studio Solution File, Format Version 12.00
# Visual Studio Version 16
VisualStudioVersion = 16.0.31129.286
MinimumVisualStudioVersion = 10.0.40219.1
Project("{FAE04EC0-301F-11D3-BF4B-00C04F79EFBC}") = "SimonExcel", "SimonExcel\SimonExcel.csproj", "{98119E67-9635-496B-928B-F790837797CA}"
EndProject
Global
	GlobalSection(SolutionConfigurationPlatforms) = preSolution
		Debug|Any CPU = Debug|Any CPU
		Release|Any CPU = Release|Any CPU
	EndGlobalSection
	GlobalSection(ProjectConfigurationPlatforms) = postSolution
		{98119E67-9635-496B-928B-F790837797CA}.Debug|Any CPU.ActiveCfg = Debug|Any CPU
		{98119E67-9635-496B-928B-F790837797CA}.Debug|Any CPU.Build.0 = Debug|Any CPU
		{98119E67-9635-496B-928B-F790837797CA}.Release|Any CPU.ActiveCfg = Release|Any CPU
		{98119E67-9635-496B-928B-F790837797CA}.Release|Any CPU.Build.0 = Release|Any CPU
	EndGlobalSection
	GlobalSection(SolutionProperties) = preSolution
		HideSolutionNode = FALSE
	EndGlobalSection
	GlobalSection(ExtensibilityGlobals) = postSolution
		SolutionGuid = {A393D2C9-F749-4B46-A9D4-A5F5FF5F7002}
	EndGlobalSection
EndGlobal
